{
  "originHash" : "be9e0ab0c485ff94f72bf5cffca30986728e3469ebb7ae1980c4f7a5bc2d9e1b",
  "pins" : [
    {
      "identity" : "ece564login",
      "kind" : "remoteSourceControl",
      "location" : "https://gitlab.oit.duke.edu/kits/ECE-564-01-F24/ece564login.git",
      "state" : {
        "branch" : "main",
        "revision" : "e2184bb43726e9adc8e4ac582d2a1298f36aab43"
      }
    },
    {
      "identity" : "loadingbutton",
      "kind" : "remoteSourceControl",
      "location" : "https://github.com/changemin/LoadingButton.git",
      "state" : {
        "revision" : "5045668df822a04c248a9b40aca888a4d37f275a",
        "version" : "1.1.2"
      }
    },
    {
      "identity" : "lottie-spm",
      "kind" : "remoteSourceControl",
      "location" : "https://github.com/airbnb/lottie-spm.git",
      "state" : {
        "revision" : "b842598f1295f3ffa1475b1580672d1fe5b83580",
        "version" : "4.5.0"
      }
    },
    {
      "identity" : "paper-onboarding",
      "kind" : "remoteSourceControl",
      "location" : "https://github.com/Ramotion/paper-onboarding.git",
      "state" : {
        "revision" : "c36df080b1001c385cc14c85f3b1c5ea36531fd0",
        "version" : "6.1.5"
      }
    },
    {
      "identity" : "swiftfulloadingindicators",
      "kind" : "remoteSourceControl",
      "location" : "https://github.com/SwiftfulThinking/SwiftfulLoadingIndicators.git",
      "state" : {
        "revision" : "85858c0246dcd781228301f9928519f75ce89758",
        "version" : "0.0.4"
      }
    }
  ],
  "version" : 3
}
